
Microsoft Visual Studio Solution File, Format Version 12.00
# Visual Studio Version 17
VisualStudioVersion = 17.5.002.0
MinimumVisualStudioVersion = 10.0.40219.1
Project("{9A19103F-16F7-4668-BE54-9A1E7A4F7556}") = "DotnetNBA", "DotnetNBA.csproj", "{FB59FDC6-0439-427A-9AF6-F4657FDFA5AC}"
EndProject
Global
	GlobalSection(SolutionConfigurationPlatforms) = preSolution
		Debug|Any CPU = Debug|Any CPU
		Release|Any CPU = Release|Any CPU
	EndGlobalSection
	GlobalSection(ProjectConfigurationPlatforms) = postSolution
		{FB59FDC6-0439-427A-9AF6-F4657FDFA5AC}.Debug|Any CPU.ActiveCfg = Debug|Any CPU
		{FB59FDC6-0439-427A-9AF6-F4657FDFA5AC}.Debug|Any CPU.Build.0 = Debug|Any CPU
		{FB59FDC6-0439-427A-9AF6-F4657FDFA5AC}.Release|Any CPU.ActiveCfg = Release|Any CPU
		{FB59FDC6-0439-427A-9AF6-F4657FDFA5AC}.Release|Any CPU.Build.0 = Release|Any CPU
	EndGlobalSection
	GlobalSection(SolutionProperties) = preSolution
		HideSolutionNode = FALSE
	EndGlobalSection
	GlobalSection(ExtensibilityGlobals) = postSolution
		SolutionGuid = {539B4FAE-669F-4730-B471-B9E36D0BE8B8}
	EndGlobalSection
EndGlobal
